{
  "version": 4,
  "terraform_version": "1.13.5",
  "serial": 66,
  "lineage": "7c2dd8b7-598d-5e13-9ad0-9e17f8a1d62e",
  "outputs": {
    "container_details": {
      "value": {
        "adguard": {
          "ip": "192.168.1.32"
        },
        "identity": {
          "ip": "192.168.1.35"
        },
        "master": {
          "ip": "192.168.1.40"
        },
        "monitoring": {
          "ip": "192.168.1.34"
        },
        "servarr": {
          "ip": "192.168.1.31"
        },
        "traefik": {
          "ip": "192.168.1.30"
        },
        "worker-1": {
          "ip": "192.168.1.41"
        },
        "worker-2": {
          "ip": "192.168.1.42"
        }
      },
      "type": [
        "object",
        {
          "adguard": [
            "object",
            {
              "ip": "string"
            }
          ],
          "identity": [
            "object",
            {
              "ip": "string"
            }
          ],
          "master": [
            "object",
            {
              "ip": "string"
            }
          ],
          "monitoring": [
            "object",
            {
              "ip": "string"
            }
          ],
          "servarr": [
            "object",
            {
              "ip": "string"
            }
          ],
          "traefik": [
            "object",
            {
              "ip": "string"
            }
          ],
          "worker-1": [
            "object",
            {
              "ip": "string"
            }
          ],
          "worker-2": [
            "object",
            {
              "ip": "string"
            }
          ]
        }
      ],
      "sensitive": true
    }
  },
  "resources": [
    {
      "mode": "managed",
      "type": "proxmox_lxc",
      "name": "ct_group",
      "provider": "provider[\"registry.terraform.io/telmate/proxmox\"]",
      "instances": [
        {
          "index_key": "adguard",
          "schema_version": 0,
          "attributes": {
            "arch": "amd64",
            "bwlimit": 0,
            "clone": null,
            "clone_storage": null,
            "cmode": "tty",
            "console": true,
            "cores": 1,
            "cpulimit": 0,
            "cpuunits": 1024,
            "current_node": "pve",
            "description": "",
            "features": [
              {
                "fuse": false,
                "keyctl": false,
                "mknod": false,
                "mount": "",
                "nesting": true
              }
            ],
            "force": false,
            "full": null,
            "hagroup": "",
            "hastate": "",
            "hookscript": "",
            "hostname": "adguard",
            "id": "pve/lxc/202",
            "ignore_unpack_errors": false,
            "lock": "",
            "memory": 512,
            "mountpoint": [],
            "nameserver": "1.1.1.1",
            "network": [
              {
                "bridge": "vmbr0",
                "firewall": false,
                "gw": "192.168.1.254",
                "gw6": "",
                "hwaddr": "BC:24:11:A6:5C:65",
                "id": 0,
                "ip": "192.168.1.32/24",
                "ip6": "auto",
                "mtu": 0,
                "name": "eth0",
                "rate": 0,
                "tag": 0,
                "trunks": "",
                "type": "veth"
              }
            ],
            "onboot": true,
            "ostemplate": "local:vztmpl/debian-13-standard_13.1-2_amd64.tar.zst",
            "ostype": "debian",
            "password": "clement2509",
            "pool": null,
            "protection": false,
            "restore": false,
            "rootfs": [
              {
                "acl": false,
                "quota": false,
                "replicate": false,
                "ro": false,
                "shared": false,
                "size": "8G",
                "storage": "local-lvm",
                "volume": "local-lvm:vm-202-disk-0"
              }
            ],
            "searchdomain": "local",
            "ssh_public_keys": "ssh-ed25519 AAAAC3NzaC1lZDI1NTE5AAAAIMxLcxTX+fvOilwwzkiaVF3hDVeJKLheKfirDOGve6eE bastion",
            "start": true,
            "startup": "",
            "swap": 1024,
            "tags": "adguard",
            "target_node": "pve",
            "template": false,
            "timeouts": null,
            "tty": 2,
            "unique": false,
            "unprivileged": true,
            "unused": [],
            "vmid": 202
          },
          "sensitive_attributes": [
            [
              {
                "type": "get_attr",
                "value": "password"
              }
            ],
            [
              {
                "type": "get_attr",
                "value": "ssh_public_keys"
              }
            ]
          ],
          "identity_schema_version": 0,
          "private": "eyJlMmJmYjczMC1lY2FhLTExZTYtOGY4OC0zNDM2M2JjN2M0YzAiOnsiY3JlYXRlIjoxMjAwMDAwMDAwMDAwLCJkZWZhdWx0IjoxMjAwMDAwMDAwMDAwLCJkZWxldGUiOjEyMDAwMDAwMDAwMDAsInJlYWQiOjEyMDAwMDAwMDAwMDAsInVwZGF0ZSI6MTIwMDAwMDAwMDAwMH19"
        },
        {
          "index_key": "identity",
          "schema_version": 0,
          "attributes": {
            "arch": "amd64",
            "bwlimit": 0,
            "clone": null,
            "clone_storage": null,
            "cmode": "tty",
            "console": true,
            "cores": 2,
            "cpulimit": 0,
            "cpuunits": 1024,
            "current_node": "pve",
            "description": "",
            "features": [
              {
                "fuse": false,
                "keyctl": false,
                "mknod": false,
                "mount": "",
                "nesting": true
              }
            ],
            "force": false,
            "full": null,
            "hagroup": "",
            "hastate": "",
            "hookscript": "",
            "hostname": "identity",
            "id": "pve/lxc/205",
            "ignore_unpack_errors": false,
            "lock": "",
            "memory": 2048,
            "mountpoint": [],
            "nameserver": "1.1.1.1",
            "network": [
              {
                "bridge": "vmbr0",
                "firewall": false,
                "gw": "192.168.1.254",
                "gw6": "",
                "hwaddr": "BC:24:11:67:E1:26",
                "id": 0,
                "ip": "192.168.1.35/24",
                "ip6": "auto",
                "mtu": 0,
                "name": "eth0",
                "rate": 0,
                "tag": 0,
                "trunks": "",
                "type": "veth"
              }
            ],
            "onboot": true,
            "ostemplate": "local:vztmpl/debian-13-standard_13.1-2_amd64.tar.zst",
            "ostype": "debian",
            "password": "clement2509",
            "pool": null,
            "protection": false,
            "restore": false,
            "rootfs": [
              {
                "acl": false,
                "quota": false,
                "replicate": false,
                "ro": false,
                "shared": false,
                "size": "10G",
                "storage": "local-lvm",
                "volume": "local-lvm:vm-205-disk-0"
              }
            ],
            "searchdomain": "local",
            "ssh_public_keys": "ssh-ed25519 AAAAC3NzaC1lZDI1NTE5AAAAIMxLcxTX+fvOilwwzkiaVF3hDVeJKLheKfirDOGve6eE bastion",
            "start": true,
            "startup": "",
            "swap": 1024,
            "tags": "identity",
            "target_node": "pve",
            "template": false,
            "timeouts": null,
            "tty": 2,
            "unique": false,
            "unprivileged": true,
            "unused": [],
            "vmid": 205
          },
          "sensitive_attributes": [
            [
              {
                "type": "get_attr",
                "value": "password"
              }
            ],
            [
              {
                "type": "get_attr",
                "value": "ssh_public_keys"
              }
            ]
          ],
          "identity_schema_version": 0,
          "private": "eyJlMmJmYjczMC1lY2FhLTExZTYtOGY4OC0zNDM2M2JjN2M0YzAiOnsiY3JlYXRlIjoxMjAwMDAwMDAwMDAwLCJkZWZhdWx0IjoxMjAwMDAwMDAwMDAwLCJkZWxldGUiOjEyMDAwMDAwMDAwMDAsInJlYWQiOjEyMDAwMDAwMDAwMDAsInVwZGF0ZSI6MTIwMDAwMDAwMDAwMH19"
        },
        {
          "index_key": "monitoring",
          "schema_version": 0,
          "attributes": {
            "arch": "amd64",
            "bwlimit": 0,
            "clone": null,
            "clone_storage": null,
            "cmode": "tty",
            "console": true,
            "cores": 2,
            "cpulimit": 0,
            "cpuunits": 1024,
            "current_node": "pve",
            "description": " BEGIN ANSIBLE MANAGED BLOCK - Monitoring kmsg\n END ANSIBLE MANAGED BLOCK - Monitoring kmsg\n",
            "features": [
              {
                "fuse": false,
                "keyctl": false,
                "mknod": false,
                "mount": "",
                "nesting": true
              }
            ],
            "force": false,
            "full": null,
            "hagroup": "",
            "hastate": "",
            "hookscript": "",
            "hostname": "monitoring",
            "id": "pve/lxc/204",
            "ignore_unpack_errors": false,
            "lock": "",
            "memory": 2048,
            "mountpoint": [],
            "nameserver": "1.1.1.1",
            "network": [
              {
                "bridge": "vmbr0",
                "firewall": false,
                "gw": "192.168.1.254",
                "gw6": "",
                "hwaddr": "BC:24:11:F9:7F:93",
                "id": 0,
                "ip": "192.168.1.34/24",
                "ip6": "auto",
                "mtu": 0,
                "name": "eth0",
                "rate": 0,
                "tag": 0,
                "trunks": "",
                "type": "veth"
              }
            ],
            "onboot": true,
            "ostemplate": "local:vztmpl/debian-13-standard_13.1-2_amd64.tar.zst",
            "ostype": "debian",
            "password": "clement2509",
            "pool": null,
            "protection": false,
            "restore": false,
            "rootfs": [
              {
                "acl": false,
                "quota": false,
                "replicate": false,
                "ro": false,
                "shared": false,
                "size": "8G",
                "storage": "local-lvm",
                "volume": "local-lvm:vm-204-disk-0"
              }
            ],
            "searchdomain": "local",
            "ssh_public_keys": "ssh-ed25519 AAAAC3NzaC1lZDI1NTE5AAAAIMxLcxTX+fvOilwwzkiaVF3hDVeJKLheKfirDOGve6eE bastion",
            "start": true,
            "startup": "",
            "swap": 1024,
            "tags": "monitoring",
            "target_node": "pve",
            "template": false,
            "timeouts": null,
            "tty": 2,
            "unique": false,
            "unprivileged": true,
            "unused": [],
            "vmid": 204
          },
          "sensitive_attributes": [
            [
              {
                "type": "get_attr",
                "value": "password"
              }
            ],
            [
              {
                "type": "get_attr",
                "value": "ssh_public_keys"
              }
            ]
          ],
          "identity_schema_version": 0,
          "private": "eyJlMmJmYjczMC1lY2FhLTExZTYtOGY4OC0zNDM2M2JjN2M0YzAiOnsiY3JlYXRlIjoxMjAwMDAwMDAwMDAwLCJkZWZhdWx0IjoxMjAwMDAwMDAwMDAwLCJkZWxldGUiOjEyMDAwMDAwMDAwMDAsInJlYWQiOjEyMDAwMDAwMDAwMDAsInVwZGF0ZSI6MTIwMDAwMDAwMDAwMH19"
        },
        {
          "index_key": "servarr",
          "schema_version": 0,
          "attributes": {
            "arch": "amd64",
            "bwlimit": 0,
            "clone": null,
            "clone_storage": null,
            "cmode": "tty",
            "console": true,
            "cores": 3,
            "cpulimit": 0,
            "cpuunits": 1024,
            "current_node": "pve",
            "description": " BEGIN ANSIBLE MANAGED BLOCK - Servarr Passthrough\n END ANSIBLE MANAGED BLOCK - Servarr Passthrough\n",
            "features": [
              {
                "fuse": false,
                "keyctl": false,
                "mknod": false,
                "mount": "",
                "nesting": true
              }
            ],
            "force": false,
            "full": null,
            "hagroup": "",
            "hastate": "",
            "hookscript": "",
            "hostname": "servarr",
            "id": "pve/lxc/201",
            "ignore_unpack_errors": false,
            "lock": "",
            "memory": 2861,
            "mountpoint": [],
            "nameserver": "1.1.1.1",
            "network": [
              {
                "bridge": "vmbr0",
                "firewall": false,
                "gw": "192.168.1.254",
                "gw6": "",
                "hwaddr": "BC:24:11:00:4C:4D",
                "id": 0,
                "ip": "192.168.1.31/24",
                "ip6": "auto",
                "mtu": 0,
                "name": "eth0",
                "rate": 0,
                "tag": 0,
                "trunks": "",
                "type": "veth"
              }
            ],
            "onboot": true,
            "ostemplate": "local:vztmpl/debian-13-standard_13.1-2_amd64.tar.zst",
            "ostype": "debian",
            "password": "clement2509",
            "pool": null,
            "protection": false,
            "restore": false,
            "rootfs": [
              {
                "acl": false,
                "quota": false,
                "replicate": false,
                "ro": false,
                "shared": false,
                "size": "32G",
                "storage": "local-lvm",
                "volume": "local-lvm:vm-201-disk-0"
              }
            ],
            "searchdomain": "local",
            "ssh_public_keys": "ssh-ed25519 AAAAC3NzaC1lZDI1NTE5AAAAIMxLcxTX+fvOilwwzkiaVF3hDVeJKLheKfirDOGve6eE bastion",
            "start": true,
            "startup": "",
            "swap": 1024,
            "tags": "servarr",
            "target_node": "pve",
            "template": false,
            "timeouts": null,
            "tty": 2,
            "unique": false,
            "unprivileged": true,
            "unused": [],
            "vmid": 201
          },
          "sensitive_attributes": [
            [
              {
                "type": "get_attr",
                "value": "password"
              }
            ],
            [
              {
                "type": "get_attr",
                "value": "ssh_public_keys"
              }
            ]
          ],
          "identity_schema_version": 0,
          "private": "eyJlMmJmYjczMC1lY2FhLTExZTYtOGY4OC0zNDM2M2JjN2M0YzAiOnsiY3JlYXRlIjoxMjAwMDAwMDAwMDAwLCJkZWZhdWx0IjoxMjAwMDAwMDAwMDAwLCJkZWxldGUiOjEyMDAwMDAwMDAwMDAsInJlYWQiOjEyMDAwMDAwMDAwMDAsInVwZGF0ZSI6MTIwMDAwMDAwMDAwMH19"
        },
        {
          "index_key": "traefik",
          "schema_version": 0,
          "attributes": {
            "arch": "amd64",
            "bwlimit": 0,
            "clone": null,
            "clone_storage": null,
            "cmode": "tty",
            "console": true,
            "cores": 1,
            "cpulimit": 0,
            "cpuunits": 1024,
            "current_node": "pve",
            "description": " BEGIN ANSIBLE MANAGED BLOCK - Traefik Docker Privileges\n END ANSIBLE MANAGED BLOCK - Traefik Docker Privileges\n",
            "features": [
              {
                "fuse": false,
                "keyctl": false,
                "mknod": false,
                "mount": "",
                "nesting": true
              }
            ],
            "force": false,
            "full": null,
            "hagroup": "",
            "hastate": "",
            "hookscript": "",
            "hostname": "traefik",
            "id": "pve/lxc/200",
            "ignore_unpack_errors": false,
            "lock": "",
            "memory": 512,
            "mountpoint": [],
            "nameserver": "1.1.1.1",
            "network": [
              {
                "bridge": "vmbr0",
                "firewall": false,
                "gw": "192.168.1.254",
                "gw6": "",
                "hwaddr": "BC:24:11:21:5E:2B",
                "id": 0,
                "ip": "192.168.1.30/24",
                "ip6": "auto",
                "mtu": 0,
                "name": "eth0",
                "rate": 0,
                "tag": 0,
                "trunks": "",
                "type": "veth"
              }
            ],
            "onboot": true,
            "ostemplate": "local:vztmpl/debian-13-standard_13.1-2_amd64.tar.zst",
            "ostype": "debian",
            "password": "clement2509",
            "pool": null,
            "protection": false,
            "restore": false,
            "rootfs": [
              {
                "acl": false,
                "quota": false,
                "replicate": false,
                "ro": false,
                "shared": false,
                "size": "8G",
                "storage": "local-lvm",
                "volume": "local-lvm:vm-200-disk-0"
              }
            ],
            "searchdomain": "local",
            "ssh_public_keys": "ssh-ed25519 AAAAC3NzaC1lZDI1NTE5AAAAIMxLcxTX+fvOilwwzkiaVF3hDVeJKLheKfirDOGve6eE bastion",
            "start": true,
            "startup": "",
            "swap": 1024,
            "tags": "traefik",
            "target_node": "pve",
            "template": false,
            "timeouts": null,
            "tty": 2,
            "unique": false,
            "unprivileged": true,
            "unused": [],
            "vmid": 200
          },
          "sensitive_attributes": [
            [
              {
                "type": "get_attr",
                "value": "password"
              }
            ],
            [
              {
                "type": "get_attr",
                "value": "ssh_public_keys"
              }
            ]
          ],
          "identity_schema_version": 0,
          "private": "eyJlMmJmYjczMC1lY2FhLTExZTYtOGY4OC0zNDM2M2JjN2M0YzAiOnsiY3JlYXRlIjoxMjAwMDAwMDAwMDAwLCJkZWZhdWx0IjoxMjAwMDAwMDAwMDAwLCJkZWxldGUiOjEyMDAwMDAwMDAwMDAsInJlYWQiOjEyMDAwMDAwMDAwMDAsInVwZGF0ZSI6MTIwMDAwMDAwMDAwMH19"
        }
      ]
    }
  ],
  "check_results": null
}
