{
  "version": 4,
  "terraform_version": "1.13.5",
  "serial": 91,
  "lineage": "7c2dd8b7-598d-5e13-9ad0-9e17f8a1d62e",
  "outputs": {
    "container_details": {
      "value": {
        "adguard": {
          "ip": "192.168.1.32"
        },
        "identity": {
          "ip": "192.168.1.35"
        },
        "master": {
          "ip": "192.168.1.40"
        },
        "monitoring": {
          "ip": "192.168.1.34"
        },
        "servarr": {
          "ip": "192.168.1.31"
        },
        "traefik": {
          "ip": "192.168.1.30"
        },
        "worker-1": {
          "ip": "192.168.1.41"
        },
        "worker-2": {
          "ip": "192.168.1.42"
        }
      },
      "type": [
        "object",
        {
          "adguard": [
            "object",
            {
              "ip": "string"
            }
          ],
          "identity": [
            "object",
            {
              "ip": "string"
            }
          ],
          "master": [
            "object",
            {
              "ip": "string"
            }
          ],
          "monitoring": [
            "object",
            {
              "ip": "string"
            }
          ],
          "servarr": [
            "object",
            {
              "ip": "string"
            }
          ],
          "traefik": [
            "object",
            {
              "ip": "string"
            }
          ],
          "worker-1": [
            "object",
            {
              "ip": "string"
            }
          ],
          "worker-2": [
            "object",
            {
              "ip": "string"
            }
          ]
        }
      ],
      "sensitive": true
    }
  },
  "resources": [
    {
      "mode": "managed",
      "type": "local_file",
      "name": "ansible_inventory",
      "provider": "provider[\"registry.terraform.io/hashicorp/local\"]",
      "instances": [
        {
          "schema_version": 0,
          "attributes": {
            "content": "# This file is automatically generated by Terraform.\n# Do not edit manually!\n\n[lxc_hosts_master]\nmaster ansible_host=192.168.1.40\n\n[lxc_hosts_workers]\nworker-1 ansible_host=192.168.1.41\nworker-2 ansible_host=192.168.1.42\n\n[proxmox_host]\npve ansible_host=192.168.1.50\n\n[proxmox_host:vars]\nansible_user=root\nservarr_vmid=201\n\n[all:vars]\nansible_user=root\nansible_password=clement2509\nansible_ssh_common_args='-o StrictHostKeyChecking=no -o UserKnownHostsFile=/dev/null'\n",
            "content_base64": null,
            "content_base64sha256": "TTroQ4v9cYr4qQxbIjpGzDAGvqic66GUfLyiUcndV2s=",
            "content_base64sha512": "2n38FHjTmbhSBUU+FXjg0FAqB8h3VLPft39Hdr3ILzoe6win+Q5ZNusdpY6VK1onXvBIIrqoQVBbgSwAzLb2XA==",
            "content_md5": "bad6e318b977c128c47b7b7fc443daf6",
            "content_sha1": "9623c165aa068612b869be871679d01dbafc906f",
            "content_sha256": "4d3ae8438bfd718af8a90c5b223a46cc3006bea89ceba1947cbca251c9dd576b",
            "content_sha512": "da7dfc1478d399b85205453e1578e0d0502a07c87754b3dfb77f4776bdc82f3a1eeb08a7f90e5936eb1da58e952b5a275ef04822baa841505b812c00ccb6f65c",
            "directory_permission": "0777",
            "file_permission": "0777",
            "filename": "./../ansible/inventory.tf.ini",
            "id": "9623c165aa068612b869be871679d01dbafc906f",
            "sensitive_content": null,
            "source": null
          },
          "sensitive_attributes": [
            [
              {
                "type": "get_attr",
                "value": "content"
              }
            ],
            [
              {
                "type": "get_attr",
                "value": "sensitive_content"
              }
            ]
          ],
          "identity_schema_version": 0,
          "dependencies": [
            "proxmox_lxc.ct_group"
          ]
        }
      ]
    },
    {
      "mode": "managed",
      "type": "proxmox_lxc",
      "name": "ct_group",
      "provider": "provider[\"registry.terraform.io/telmate/proxmox\"]",
      "instances": [
        {
          "index_key": "adguard",
          "schema_version": 0,
          "attributes": {
            "arch": "amd64",
            "bwlimit": 0,
            "clone": null,
            "clone_storage": null,
            "cmode": "tty",
            "console": true,
            "cores": 1,
            "cpulimit": 0,
            "cpuunits": 1024,
            "current_node": "pve",
            "description": "",
            "features": [
              {
                "fuse": false,
                "keyctl": false,
                "mknod": false,
                "mount": "",
                "nesting": true
              }
            ],
            "force": false,
            "full": null,
            "hagroup": "",
            "hastate": "",
            "hookscript": "",
            "hostname": "adguard",
            "id": "pve/lxc/202",
            "ignore_unpack_errors": false,
            "lock": "",
            "memory": 512,
            "mountpoint": [],
            "nameserver": "1.1.1.1",
            "network": [
              {
                "bridge": "vmbr0",
                "firewall": false,
                "gw": "192.168.1.254",
                "gw6": "",
                "hwaddr": "BC:24:11:A6:5C:65",
                "id": 0,
                "ip": "192.168.1.32/24",
                "ip6": "auto",
                "mtu": 0,
                "name": "eth0",
                "rate": 0,
                "tag": 0,
                "trunks": "",
                "type": "veth"
              }
            ],
            "onboot": true,
            "ostemplate": "local:vztmpl/debian-13-standard_13.1-2_amd64.tar.zst",
            "ostype": "debian",
            "password": "clement2509",
            "pool": null,
            "protection": false,
            "restore": false,
            "rootfs": [
              {
                "acl": false,
                "quota": false,
                "replicate": false,
                "ro": false,
                "shared": false,
                "size": "8G",
                "storage": "local-lvm",
                "volume": "local-lvm:vm-202-disk-0"
              }
            ],
            "searchdomain": "local",
            "ssh_public_keys": "ssh-ed25519 AAAAC3NzaC1lZDI1NTE5AAAAIMxLcxTX+fvOilwwzkiaVF3hDVeJKLheKfirDOGve6eE bastion",
            "start": true,
            "startup": "",
            "swap": 1024,
            "tags": "adguard",
            "target_node": "pve",
            "template": false,
            "timeouts": null,
            "tty": 2,
            "unique": false,
            "unprivileged": true,
            "unused": [],
            "vmid": 202
          },
          "sensitive_attributes": [
            [
              {
                "type": "get_attr",
                "value": "password"
              }
            ],
            [
              {
                "type": "get_attr",
                "value": "ssh_public_keys"
              }
            ]
          ],
          "identity_schema_version": 0,
          "private": "eyJlMmJmYjczMC1lY2FhLTExZTYtOGY4OC0zNDM2M2JjN2M0YzAiOnsiY3JlYXRlIjoxMjAwMDAwMDAwMDAwLCJkZWZhdWx0IjoxMjAwMDAwMDAwMDAwLCJkZWxldGUiOjEyMDAwMDAwMDAwMDAsInJlYWQiOjEyMDAwMDAwMDAwMDAsInVwZGF0ZSI6MTIwMDAwMDAwMDAwMH19"
        },
        {
          "index_key": "identity",
          "schema_version": 0,
          "attributes": {
            "arch": "amd64",
            "bwlimit": 0,
            "clone": null,
            "clone_storage": null,
            "cmode": "tty",
            "console": true,
            "cores": 2,
            "cpulimit": 0,
            "cpuunits": 1024,
            "current_node": "pve",
            "description": "",
            "features": [
              {
                "fuse": false,
                "keyctl": false,
                "mknod": false,
                "mount": "",
                "nesting": true
              }
            ],
            "force": false,
            "full": null,
            "hagroup": "",
            "hastate": "",
            "hookscript": "",
            "hostname": "identity",
            "id": "pve/lxc/205",
            "ignore_unpack_errors": false,
            "lock": "",
            "memory": 2048,
            "mountpoint": [],
            "nameserver": "1.1.1.1",
            "network": [
              {
                "bridge": "vmbr0",
                "firewall": false,
                "gw": "192.168.1.254",
                "gw6": "",
                "hwaddr": "BC:24:11:67:E1:26",
                "id": 0,
                "ip": "192.168.1.35/24",
                "ip6": "auto",
                "mtu": 0,
                "name": "eth0",
                "rate": 0,
                "tag": 0,
                "trunks": "",
                "type": "veth"
              }
            ],
            "onboot": true,
            "ostemplate": "local:vztmpl/debian-13-standard_13.1-2_amd64.tar.zst",
            "ostype": "debian",
            "password": "clement2509",
            "pool": null,
            "protection": false,
            "restore": false,
            "rootfs": [
              {
                "acl": false,
                "quota": false,
                "replicate": false,
                "ro": false,
                "shared": false,
                "size": "10G",
                "storage": "local-lvm",
                "volume": "local-lvm:vm-205-disk-0"
              }
            ],
            "searchdomain": "local",
            "ssh_public_keys": "ssh-ed25519 AAAAC3NzaC1lZDI1NTE5AAAAIMxLcxTX+fvOilwwzkiaVF3hDVeJKLheKfirDOGve6eE bastion",
            "start": true,
            "startup": "",
            "swap": 1024,
            "tags": "identity",
            "target_node": "pve",
            "template": false,
            "timeouts": null,
            "tty": 2,
            "unique": false,
            "unprivileged": true,
            "unused": [],
            "vmid": 205
          },
          "sensitive_attributes": [
            [
              {
                "type": "get_attr",
                "value": "password"
              }
            ],
            [
              {
                "type": "get_attr",
                "value": "ssh_public_keys"
              }
            ]
          ],
          "identity_schema_version": 0,
          "private": "eyJlMmJmYjczMC1lY2FhLTExZTYtOGY4OC0zNDM2M2JjN2M0YzAiOnsiY3JlYXRlIjoxMjAwMDAwMDAwMDAwLCJkZWZhdWx0IjoxMjAwMDAwMDAwMDAwLCJkZWxldGUiOjEyMDAwMDAwMDAwMDAsInJlYWQiOjEyMDAwMDAwMDAwMDAsInVwZGF0ZSI6MTIwMDAwMDAwMDAwMH19"
        },
        {
          "index_key": "master",
          "schema_version": 0,
          "attributes": {
            "arch": "amd64",
            "bwlimit": 0,
            "clone": null,
            "clone_storage": null,
            "cmode": "tty",
            "console": true,
            "cores": 2,
            "cpulimit": 0,
            "cpuunits": 1024,
            "current_node": "pve",
            "description": "",
            "features": [
              {
                "fuse": false,
                "keyctl": false,
                "mknod": false,
                "mount": "",
                "nesting": true
              }
            ],
            "force": false,
            "full": null,
            "hagroup": "",
            "hastate": "",
            "hookscript": "",
            "hostname": "master",
            "id": "pve/lxc/300",
            "ignore_unpack_errors": false,
            "lock": "",
            "memory": 2048,
            "mountpoint": [],
            "nameserver": "1.1.1.1",
            "network": [
              {
                "bridge": "vmbr0",
                "firewall": false,
                "gw": "192.168.1.254",
                "gw6": "",
                "hwaddr": "BC:24:11:D1:C2:01",
                "id": 0,
                "ip": "192.168.1.40/24",
                "ip6": "auto",
                "mtu": 0,
                "name": "eth0",
                "rate": 0,
                "tag": 0,
                "trunks": "",
                "type": "veth"
              }
            ],
            "onboot": true,
            "ostemplate": "local:vztmpl/debian-13-standard_13.1-2_amd64.tar.zst",
            "ostype": "debian",
            "password": "clement2509",
            "pool": null,
            "protection": false,
            "restore": false,
            "rootfs": [
              {
                "acl": false,
                "quota": false,
                "replicate": false,
                "ro": false,
                "shared": false,
                "size": "20G",
                "storage": "local-lvm",
                "volume": "local-lvm:vm-300-disk-0"
              }
            ],
            "searchdomain": "local",
            "ssh_public_keys": "ssh-ed25519 AAAAC3NzaC1lZDI1NTE5AAAAIMxLcxTX+fvOilwwzkiaVF3hDVeJKLheKfirDOGve6eE bastion",
            "start": true,
            "startup": "",
            "swap": 1024,
            "tags": "master",
            "target_node": "pve",
            "template": false,
            "timeouts": null,
            "tty": 2,
            "unique": false,
            "unprivileged": true,
            "unused": [],
            "vmid": 300
          },
          "sensitive_attributes": [
            [
              {
                "type": "get_attr",
                "value": "password"
              }
            ],
            [
              {
                "type": "get_attr",
                "value": "ssh_public_keys"
              }
            ]
          ],
          "identity_schema_version": 0,
          "private": "eyJlMmJmYjczMC1lY2FhLTExZTYtOGY4OC0zNDM2M2JjN2M0YzAiOnsiY3JlYXRlIjoxMjAwMDAwMDAwMDAwLCJkZWZhdWx0IjoxMjAwMDAwMDAwMDAwLCJkZWxldGUiOjEyMDAwMDAwMDAwMDAsInJlYWQiOjEyMDAwMDAwMDAwMDAsInVwZGF0ZSI6MTIwMDAwMDAwMDAwMH19"
        },
        {
          "index_key": "monitoring",
          "schema_version": 0,
          "attributes": {
            "arch": "amd64",
            "bwlimit": 0,
            "clone": null,
            "clone_storage": null,
            "cmode": "tty",
            "console": true,
            "cores": 2,
            "cpulimit": 0,
            "cpuunits": 1024,
            "current_node": "pve",
            "description": " BEGIN ANSIBLE MANAGED BLOCK - Monitoring kmsg\n END ANSIBLE MANAGED BLOCK - Monitoring kmsg\n",
            "features": [
              {
                "fuse": false,
                "keyctl": false,
                "mknod": false,
                "mount": "",
                "nesting": true
              }
            ],
            "force": false,
            "full": null,
            "hagroup": "",
            "hastate": "",
            "hookscript": "",
            "hostname": "monitoring",
            "id": "pve/lxc/204",
            "ignore_unpack_errors": false,
            "lock": "",
            "memory": 2048,
            "mountpoint": [],
            "nameserver": "1.1.1.1",
            "network": [
              {
                "bridge": "vmbr0",
                "firewall": false,
                "gw": "192.168.1.254",
                "gw6": "",
                "hwaddr": "BC:24:11:F9:7F:93",
                "id": 0,
                "ip": "192.168.1.34/24",
                "ip6": "auto",
                "mtu": 0,
                "name": "eth0",
                "rate": 0,
                "tag": 0,
                "trunks": "",
                "type": "veth"
              }
            ],
            "onboot": true,
            "ostemplate": "local:vztmpl/debian-13-standard_13.1-2_amd64.tar.zst",
            "ostype": "debian",
            "password": "clement2509",
            "pool": null,
            "protection": false,
            "restore": false,
            "rootfs": [
              {
                "acl": false,
                "quota": false,
                "replicate": false,
                "ro": false,
                "shared": false,
                "size": "8G",
                "storage": "local-lvm",
                "volume": "local-lvm:vm-204-disk-0"
              }
            ],
            "searchdomain": "local",
            "ssh_public_keys": "ssh-ed25519 AAAAC3NzaC1lZDI1NTE5AAAAIMxLcxTX+fvOilwwzkiaVF3hDVeJKLheKfirDOGve6eE bastion",
            "start": true,
            "startup": "",
            "swap": 1024,
            "tags": "monitoring",
            "target_node": "pve",
            "template": false,
            "timeouts": null,
            "tty": 2,
            "unique": false,
            "unprivileged": true,
            "unused": [],
            "vmid": 204
          },
          "sensitive_attributes": [
            [
              {
                "type": "get_attr",
                "value": "password"
              }
            ],
            [
              {
                "type": "get_attr",
                "value": "ssh_public_keys"
              }
            ]
          ],
          "identity_schema_version": 0,
          "private": "eyJlMmJmYjczMC1lY2FhLTExZTYtOGY4OC0zNDM2M2JjN2M0YzAiOnsiY3JlYXRlIjoxMjAwMDAwMDAwMDAwLCJkZWZhdWx0IjoxMjAwMDAwMDAwMDAwLCJkZWxldGUiOjEyMDAwMDAwMDAwMDAsInJlYWQiOjEyMDAwMDAwMDAwMDAsInVwZGF0ZSI6MTIwMDAwMDAwMDAwMH19"
        },
        {
          "index_key": "servarr",
          "schema_version": 0,
          "attributes": {
            "arch": "amd64",
            "bwlimit": 0,
            "clone": null,
            "clone_storage": null,
            "cmode": "tty",
            "console": true,
            "cores": 3,
            "cpulimit": 0,
            "cpuunits": 1024,
            "current_node": "pve",
            "description": " BEGIN ANSIBLE MANAGED BLOCK - Servarr Passthrough\n END ANSIBLE MANAGED BLOCK - Servarr Passthrough\n",
            "features": [
              {
                "fuse": false,
                "keyctl": false,
                "mknod": false,
                "mount": "",
                "nesting": true
              }
            ],
            "force": false,
            "full": null,
            "hagroup": "",
            "hastate": "",
            "hookscript": "",
            "hostname": "servarr",
            "id": "pve/lxc/201",
            "ignore_unpack_errors": false,
            "lock": "",
            "memory": 2861,
            "mountpoint": [],
            "nameserver": "1.1.1.1",
            "network": [
              {
                "bridge": "vmbr0",
                "firewall": false,
                "gw": "192.168.1.254",
                "gw6": "",
                "hwaddr": "BC:24:11:00:4C:4D",
                "id": 0,
                "ip": "192.168.1.31/24",
                "ip6": "auto",
                "mtu": 0,
                "name": "eth0",
                "rate": 0,
                "tag": 0,
                "trunks": "",
                "type": "veth"
              }
            ],
            "onboot": true,
            "ostemplate": "local:vztmpl/debian-13-standard_13.1-2_amd64.tar.zst",
            "ostype": "debian",
            "password": "clement2509",
            "pool": null,
            "protection": false,
            "restore": false,
            "rootfs": [
              {
                "acl": false,
                "quota": false,
                "replicate": false,
                "ro": false,
                "shared": false,
                "size": "32G",
                "storage": "local-lvm",
                "volume": "local-lvm:vm-201-disk-0"
              }
            ],
            "searchdomain": "local",
            "ssh_public_keys": "ssh-ed25519 AAAAC3NzaC1lZDI1NTE5AAAAIMxLcxTX+fvOilwwzkiaVF3hDVeJKLheKfirDOGve6eE bastion",
            "start": true,
            "startup": "",
            "swap": 1024,
            "tags": "servarr",
            "target_node": "pve",
            "template": false,
            "timeouts": null,
            "tty": 2,
            "unique": false,
            "unprivileged": true,
            "unused": [],
            "vmid": 201
          },
          "sensitive_attributes": [
            [
              {
                "type": "get_attr",
                "value": "password"
              }
            ],
            [
              {
                "type": "get_attr",
                "value": "ssh_public_keys"
              }
            ]
          ],
          "identity_schema_version": 0,
          "private": "eyJlMmJmYjczMC1lY2FhLTExZTYtOGY4OC0zNDM2M2JjN2M0YzAiOnsiY3JlYXRlIjoxMjAwMDAwMDAwMDAwLCJkZWZhdWx0IjoxMjAwMDAwMDAwMDAwLCJkZWxldGUiOjEyMDAwMDAwMDAwMDAsInJlYWQiOjEyMDAwMDAwMDAwMDAsInVwZGF0ZSI6MTIwMDAwMDAwMDAwMH19"
        },
        {
          "index_key": "traefik",
          "schema_version": 0,
          "attributes": {
            "arch": "amd64",
            "bwlimit": 0,
            "clone": null,
            "clone_storage": null,
            "cmode": "tty",
            "console": true,
            "cores": 1,
            "cpulimit": 0,
            "cpuunits": 1024,
            "current_node": "pve",
            "description": " BEGIN ANSIBLE MANAGED BLOCK - Traefik Docker Privileges\n END ANSIBLE MANAGED BLOCK - Traefik Docker Privileges\n",
            "features": [
              {
                "fuse": false,
                "keyctl": false,
                "mknod": false,
                "mount": "",
                "nesting": true
              }
            ],
            "force": false,
            "full": null,
            "hagroup": "",
            "hastate": "",
            "hookscript": "",
            "hostname": "traefik",
            "id": "pve/lxc/200",
            "ignore_unpack_errors": false,
            "lock": "",
            "memory": 512,
            "mountpoint": [],
            "nameserver": "1.1.1.1",
            "network": [
              {
                "bridge": "vmbr0",
                "firewall": false,
                "gw": "192.168.1.254",
                "gw6": "",
                "hwaddr": "BC:24:11:21:5E:2B",
                "id": 0,
                "ip": "192.168.1.30/24",
                "ip6": "auto",
                "mtu": 0,
                "name": "eth0",
                "rate": 0,
                "tag": 0,
                "trunks": "",
                "type": "veth"
              }
            ],
            "onboot": true,
            "ostemplate": "local:vztmpl/debian-13-standard_13.1-2_amd64.tar.zst",
            "ostype": "debian",
            "password": "clement2509",
            "pool": null,
            "protection": false,
            "restore": false,
            "rootfs": [
              {
                "acl": false,
                "quota": false,
                "replicate": false,
                "ro": false,
                "shared": false,
                "size": "8G",
                "storage": "local-lvm",
                "volume": "local-lvm:vm-200-disk-0"
              }
            ],
            "searchdomain": "local",
            "ssh_public_keys": "ssh-ed25519 AAAAC3NzaC1lZDI1NTE5AAAAIMxLcxTX+fvOilwwzkiaVF3hDVeJKLheKfirDOGve6eE bastion",
            "start": true,
            "startup": "",
            "swap": 1024,
            "tags": "traefik",
            "target_node": "pve",
            "template": false,
            "timeouts": null,
            "tty": 2,
            "unique": false,
            "unprivileged": true,
            "unused": [],
            "vmid": 200
          },
          "sensitive_attributes": [
            [
              {
                "type": "get_attr",
                "value": "password"
              }
            ],
            [
              {
                "type": "get_attr",
                "value": "ssh_public_keys"
              }
            ]
          ],
          "identity_schema_version": 0,
          "private": "eyJlMmJmYjczMC1lY2FhLTExZTYtOGY4OC0zNDM2M2JjN2M0YzAiOnsiY3JlYXRlIjoxMjAwMDAwMDAwMDAwLCJkZWZhdWx0IjoxMjAwMDAwMDAwMDAwLCJkZWxldGUiOjEyMDAwMDAwMDAwMDAsInJlYWQiOjEyMDAwMDAwMDAwMDAsInVwZGF0ZSI6MTIwMDAwMDAwMDAwMH19"
        },
        {
          "index_key": "worker-1",
          "schema_version": 0,
          "attributes": {
            "arch": "amd64",
            "bwlimit": 0,
            "clone": null,
            "clone_storage": null,
            "cmode": "tty",
            "console": true,
            "cores": 2,
            "cpulimit": 0,
            "cpuunits": 1024,
            "current_node": "pve",
            "description": "",
            "features": [
              {
                "fuse": false,
                "keyctl": false,
                "mknod": false,
                "mount": "",
                "nesting": true
              }
            ],
            "force": false,
            "full": null,
            "hagroup": "",
            "hastate": "",
            "hookscript": "",
            "hostname": "worker-1",
            "id": "pve/lxc/301",
            "ignore_unpack_errors": false,
            "lock": "",
            "memory": 2048,
            "mountpoint": [],
            "nameserver": "1.1.1.1",
            "network": [
              {
                "bridge": "vmbr0",
                "firewall": false,
                "gw": "192.168.1.254",
                "gw6": "",
                "hwaddr": "BC:24:11:2A:78:36",
                "id": 0,
                "ip": "192.168.1.41/24",
                "ip6": "auto",
                "mtu": 0,
                "name": "eth0",
                "rate": 0,
                "tag": 0,
                "trunks": "",
                "type": "veth"
              }
            ],
            "onboot": true,
            "ostemplate": "local:vztmpl/debian-13-standard_13.1-2_amd64.tar.zst",
            "ostype": "debian",
            "password": "clement2509",
            "pool": null,
            "protection": false,
            "restore": false,
            "rootfs": [
              {
                "acl": false,
                "quota": false,
                "replicate": false,
                "ro": false,
                "shared": false,
                "size": "20G",
                "storage": "local-lvm",
                "volume": "local-lvm:vm-301-disk-0"
              }
            ],
            "searchdomain": "local",
            "ssh_public_keys": "ssh-ed25519 AAAAC3NzaC1lZDI1NTE5AAAAIMxLcxTX+fvOilwwzkiaVF3hDVeJKLheKfirDOGve6eE bastion",
            "start": true,
            "startup": "",
            "swap": 1024,
            "tags": "worker-1",
            "target_node": "pve",
            "template": false,
            "timeouts": null,
            "tty": 2,
            "unique": false,
            "unprivileged": true,
            "unused": [],
            "vmid": 301
          },
          "sensitive_attributes": [
            [
              {
                "type": "get_attr",
                "value": "password"
              }
            ],
            [
              {
                "type": "get_attr",
                "value": "ssh_public_keys"
              }
            ]
          ],
          "identity_schema_version": 0,
          "private": "eyJlMmJmYjczMC1lY2FhLTExZTYtOGY4OC0zNDM2M2JjN2M0YzAiOnsiY3JlYXRlIjoxMjAwMDAwMDAwMDAwLCJkZWZhdWx0IjoxMjAwMDAwMDAwMDAwLCJkZWxldGUiOjEyMDAwMDAwMDAwMDAsInJlYWQiOjEyMDAwMDAwMDAwMDAsInVwZGF0ZSI6MTIwMDAwMDAwMDAwMH19"
        },
        {
          "index_key": "worker-2",
          "schema_version": 0,
          "attributes": {
            "arch": "amd64",
            "bwlimit": 0,
            "clone": null,
            "clone_storage": null,
            "cmode": "tty",
            "console": true,
            "cores": 2,
            "cpulimit": 0,
            "cpuunits": 1024,
            "current_node": "pve",
            "description": "",
            "features": [
              {
                "fuse": false,
                "keyctl": false,
                "mknod": false,
                "mount": "",
                "nesting": true
              }
            ],
            "force": false,
            "full": null,
            "hagroup": "",
            "hastate": "",
            "hookscript": "",
            "hostname": "worker-2",
            "id": "pve/lxc/302",
            "ignore_unpack_errors": false,
            "lock": "",
            "memory": 2048,
            "mountpoint": [],
            "nameserver": "1.1.1.1",
            "network": [
              {
                "bridge": "vmbr0",
                "firewall": false,
                "gw": "192.168.1.254",
                "gw6": "",
                "hwaddr": "BC:24:11:69:E6:47",
                "id": 0,
                "ip": "192.168.1.42/24",
                "ip6": "auto",
                "mtu": 0,
                "name": "eth0",
                "rate": 0,
                "tag": 0,
                "trunks": "",
                "type": "veth"
              }
            ],
            "onboot": true,
            "ostemplate": "local:vztmpl/debian-13-standard_13.1-2_amd64.tar.zst",
            "ostype": "debian",
            "password": "clement2509",
            "pool": null,
            "protection": false,
            "restore": false,
            "rootfs": [
              {
                "acl": false,
                "quota": false,
                "replicate": false,
                "ro": false,
                "shared": false,
                "size": "20G",
                "storage": "local-lvm",
                "volume": "local-lvm:vm-302-disk-0"
              }
            ],
            "searchdomain": "local",
            "ssh_public_keys": "ssh-ed25519 AAAAC3NzaC1lZDI1NTE5AAAAIMxLcxTX+fvOilwwzkiaVF3hDVeJKLheKfirDOGve6eE bastion",
            "start": true,
            "startup": "",
            "swap": 1024,
            "tags": "worker-2",
            "target_node": "pve",
            "template": false,
            "timeouts": null,
            "tty": 2,
            "unique": false,
            "unprivileged": true,
            "unused": [],
            "vmid": 302
          },
          "sensitive_attributes": [
            [
              {
                "type": "get_attr",
                "value": "password"
              }
            ],
            [
              {
                "type": "get_attr",
                "value": "ssh_public_keys"
              }
            ]
          ],
          "identity_schema_version": 0,
          "private": "eyJlMmJmYjczMC1lY2FhLTExZTYtOGY4OC0zNDM2M2JjN2M0YzAiOnsiY3JlYXRlIjoxMjAwMDAwMDAwMDAwLCJkZWZhdWx0IjoxMjAwMDAwMDAwMDAwLCJkZWxldGUiOjEyMDAwMDAwMDAwMDAsInJlYWQiOjEyMDAwMDAwMDAwMDAsInVwZGF0ZSI6MTIwMDAwMDAwMDAwMH19"
        }
      ]
    }
  ],
  "check_results": null
}
