{
  "version": 4,
  "terraform_version": "1.13.5",
  "serial": 155,
  "lineage": "d2373174-bdc4-5cfa-d41d-3cb924e6b4d2",
  "outputs": {
    "container_details": {
      "value": {
        "adguard": {
          "ip": "192.168.1.32"
        },
        "jenkins": {
          "ip": "192.168.1.33"
        },
        "servarr": {
          "ip": "192.168.1.31"
        },
        "traefik": {
          "ip": "192.168.1.30"
        }
      },
      "type": [
        "object",
        {
          "adguard": [
            "object",
            {
              "ip": "string"
            }
          ],
          "jenkins": [
            "object",
            {
              "ip": "string"
            }
          ],
          "servarr": [
            "object",
            {
              "ip": "string"
            }
          ],
          "traefik": [
            "object",
            {
              "ip": "string"
            }
          ]
        }
      ],
      "sensitive": true
    }
  },
  "resources": [
    {
      "mode": "managed",
      "type": "local_file",
      "name": "ansible_inventory",
      "provider": "provider[\"registry.terraform.io/hashicorp/local\"]",
      "instances": [
        {
          "schema_version": 0,
          "attributes": {
            "content": "# This file is automatically generated by Terraform.\n# Do not edit manually!\n\n[lxc_hosts]\nadguard ansible_host=192.168.1.32\njenkins ansible_host=192.168.1.33\nservarr ansible_host=192.168.1.31\ntraefik ansible_host=192.168.1.30\n[proxmox_host]\npve ansible_host=192.168.1.50\n[proxmox_host:vars]\nansible_user=root\nservarr_vmid=201 \n[all:vars]\nansible_user=root\nansible_password=clement2509\nansible_ssh_common_args='-o StrictHostKeyChecking=no -o UserKnownHostsFile=/dev/null'",
            "content_base64": null,
            "content_base64sha256": "O9Ryhd0UfdhSPvysoceZoDSUn1GNSOniCj9UsXm4zhQ=",
            "content_base64sha512": "3Hm6FZEJOY82vYznYuVHRDFG+/Uk963sX+sc//O0Gz8IoCzD6JFBgAOa8V6vgdRqIhEjk5paWdcLyleKsjO1Ow==",
            "content_md5": "a2f0e3483ec50492acc65671dabaa76e",
            "content_sha1": "c686595b52e417b589507867efbd604d9d2a849a",
            "content_sha256": "3bd47285dd147dd8523efcaca1c799a034949f518d48e9e20a3f54b179b8ce14",
            "content_sha512": "dc79ba159109398f36bd8ce762e547443146fbf524f7adec5feb1cfff3b41b3f08a02cc3e8914180039af15eaf81d46a221123939a5a59d70bca578ab233b53b",
            "directory_permission": "0777",
            "file_permission": "0777",
            "filename": "./../ansible/inventory.tf.ini",
            "id": "c686595b52e417b589507867efbd604d9d2a849a",
            "sensitive_content": null,
            "source": null
          },
          "sensitive_attributes": [
            [
              {
                "type": "get_attr",
                "value": "content"
              }
            ],
            [
              {
                "type": "get_attr",
                "value": "sensitive_content"
              }
            ]
          ],
          "identity_schema_version": 0,
          "dependencies": [
            "proxmox_lxc.ct_group"
          ]
        }
      ]
    },
    {
      "mode": "managed",
      "type": "proxmox_lxc",
      "name": "ct_group",
      "provider": "provider[\"registry.terraform.io/telmate/proxmox\"]",
      "instances": [
        {
          "index_key": "adguard",
          "schema_version": 0,
          "attributes": {
            "arch": "amd64",
            "bwlimit": 0,
            "clone": null,
            "clone_storage": null,
            "cmode": "tty",
            "console": true,
            "cores": 1,
            "cpulimit": 0,
            "cpuunits": 1024,
            "current_node": "pve",
            "description": "",
            "features": [
              {
                "fuse": false,
                "keyctl": false,
                "mknod": false,
                "mount": "",
                "nesting": true
              }
            ],
            "force": false,
            "full": null,
            "hagroup": "",
            "hastate": "",
            "hookscript": "",
            "hostname": "adguard",
            "id": "pve/lxc/202",
            "ignore_unpack_errors": false,
            "lock": "",
            "memory": 512,
            "mountpoint": [],
            "nameserver": "1.1.1.1",
            "network": [
              {
                "bridge": "vmbr0",
                "firewall": false,
                "gw": "192.168.1.254",
                "gw6": "",
                "hwaddr": "BC:24:11:B8:A9:7D",
                "id": 0,
                "ip": "192.168.1.32/24",
                "ip6": "auto",
                "mtu": 0,
                "name": "eth0",
                "rate": 0,
                "tag": 0,
                "trunks": "",
                "type": "veth"
              }
            ],
            "onboot": false,
            "ostemplate": "local:vztmpl/debian-13-standard_13.1-2_amd64.tar.zst",
            "ostype": "debian",
            "password": "clement2509",
            "pool": null,
            "protection": false,
            "restore": false,
            "rootfs": [
              {
                "acl": false,
                "quota": false,
                "replicate": false,
                "ro": false,
                "shared": false,
                "size": "8G",
                "storage": "local-lvm",
                "volume": "local-lvm:vm-202-disk-0"
              }
            ],
            "searchdomain": "local",
            "ssh_public_keys": "ssh-ed25519 AAAAC3NzaC1lZDI1NTE5AAAAIHVuzIemO1+KCAmzkHZU5PyK2LwNCvLLTOyU+S8Vu7Kt clem@arch-workstation",
            "start": true,
            "startup": "",
            "swap": 1024,
            "tags": "adguard",
            "target_node": "pve",
            "template": false,
            "timeouts": null,
            "tty": 2,
            "unique": false,
            "unprivileged": true,
            "unused": [],
            "vmid": 202
          },
          "sensitive_attributes": [
            [
              {
                "type": "get_attr",
                "value": "password"
              }
            ],
            [
              {
                "type": "get_attr",
                "value": "ssh_public_keys"
              }
            ]
          ],
          "identity_schema_version": 0,
          "private": "eyJlMmJmYjczMC1lY2FhLTExZTYtOGY4OC0zNDM2M2JjN2M0YzAiOnsiY3JlYXRlIjoxMjAwMDAwMDAwMDAwLCJkZWZhdWx0IjoxMjAwMDAwMDAwMDAwLCJkZWxldGUiOjEyMDAwMDAwMDAwMDAsInJlYWQiOjEyMDAwMDAwMDAwMDAsInVwZGF0ZSI6MTIwMDAwMDAwMDAwMH19"
        },
        {
          "index_key": "jenkins",
          "schema_version": 0,
          "attributes": {
            "arch": "amd64",
            "bwlimit": 0,
            "clone": null,
            "clone_storage": null,
            "cmode": "tty",
            "console": true,
            "cores": 2,
            "cpulimit": 0,
            "cpuunits": 1024,
            "current_node": "pve",
            "description": "",
            "features": [
              {
                "fuse": false,
                "keyctl": false,
                "mknod": false,
                "mount": "",
                "nesting": true
              }
            ],
            "force": false,
            "full": null,
            "hagroup": "",
            "hastate": "",
            "hookscript": "",
            "hostname": "jenkins",
            "id": "pve/lxc/203",
            "ignore_unpack_errors": false,
            "lock": "",
            "memory": 2048,
            "mountpoint": [],
            "nameserver": "1.1.1.1",
            "network": [
              {
                "bridge": "vmbr0",
                "firewall": false,
                "gw": "192.168.1.254",
                "gw6": "",
                "hwaddr": "BC:24:11:39:43:9B",
                "id": 0,
                "ip": "192.168.1.33/24",
                "ip6": "auto",
                "mtu": 0,
                "name": "eth0",
                "rate": 0,
                "tag": 0,
                "trunks": "",
                "type": "veth"
              }
            ],
            "onboot": false,
            "ostemplate": "local:vztmpl/debian-13-standard_13.1-2_amd64.tar.zst",
            "ostype": "debian",
            "password": "clement2509",
            "pool": null,
            "protection": false,
            "restore": false,
            "rootfs": [
              {
                "acl": false,
                "quota": false,
                "replicate": false,
                "ro": false,
                "shared": false,
                "size": "8G",
                "storage": "local-lvm",
                "volume": "local-lvm:vm-203-disk-0"
              }
            ],
            "searchdomain": "local",
            "ssh_public_keys": "ssh-ed25519 AAAAC3NzaC1lZDI1NTE5AAAAIHVuzIemO1+KCAmzkHZU5PyK2LwNCvLLTOyU+S8Vu7Kt clem@arch-workstation",
            "start": true,
            "startup": "",
            "swap": 2048,
            "tags": "jenkins",
            "target_node": "pve",
            "template": false,
            "timeouts": null,
            "tty": 2,
            "unique": false,
            "unprivileged": true,
            "unused": [],
            "vmid": 203
          },
          "sensitive_attributes": [
            [
              {
                "type": "get_attr",
                "value": "password"
              }
            ],
            [
              {
                "type": "get_attr",
                "value": "ssh_public_keys"
              }
            ]
          ],
          "identity_schema_version": 0,
          "private": "eyJlMmJmYjczMC1lY2FhLTExZTYtOGY4OC0zNDM2M2JjN2M0YzAiOnsiY3JlYXRlIjoxMjAwMDAwMDAwMDAwLCJkZWZhdWx0IjoxMjAwMDAwMDAwMDAwLCJkZWxldGUiOjEyMDAwMDAwMDAwMDAsInJlYWQiOjEyMDAwMDAwMDAwMDAsInVwZGF0ZSI6MTIwMDAwMDAwMDAwMH19"
        },
        {
          "index_key": "servarr",
          "schema_version": 0,
          "attributes": {
            "arch": "amd64",
            "bwlimit": 0,
            "clone": null,
            "clone_storage": null,
            "cmode": "tty",
            "console": true,
            "cores": 3,
            "cpulimit": 0,
            "cpuunits": 1024,
            "current_node": "pve",
            "description": "",
            "features": [
              {
                "fuse": false,
                "keyctl": false,
                "mknod": false,
                "mount": "",
                "nesting": true
              }
            ],
            "force": false,
            "full": null,
            "hagroup": "",
            "hastate": "",
            "hookscript": "",
            "hostname": "servarr",
            "id": "pve/lxc/201",
            "ignore_unpack_errors": false,
            "lock": "",
            "memory": 2861,
            "mountpoint": [],
            "nameserver": "1.1.1.1",
            "network": [
              {
                "bridge": "vmbr0",
                "firewall": false,
                "gw": "192.168.1.254",
                "gw6": "",
                "hwaddr": "BC:24:11:E6:66:DE",
                "id": 0,
                "ip": "192.168.1.31/24",
                "ip6": "auto",
                "mtu": 0,
                "name": "eth0",
                "rate": 0,
                "tag": 0,
                "trunks": "",
                "type": "veth"
              }
            ],
            "onboot": false,
            "ostemplate": "local:vztmpl/debian-13-standard_13.1-2_amd64.tar.zst",
            "ostype": "debian",
            "password": "clement2509",
            "pool": null,
            "protection": false,
            "restore": false,
            "rootfs": [
              {
                "acl": false,
                "quota": false,
                "replicate": false,
                "ro": false,
                "shared": false,
                "size": "32G",
                "storage": "local-lvm",
                "volume": "local-lvm:vm-201-disk-0"
              }
            ],
            "searchdomain": "local",
            "ssh_public_keys": "ssh-ed25519 AAAAC3NzaC1lZDI1NTE5AAAAIHVuzIemO1+KCAmzkHZU5PyK2LwNCvLLTOyU+S8Vu7Kt clem@arch-workstation",
            "start": true,
            "startup": "",
            "swap": 1024,
            "tags": "servarr",
            "target_node": "pve",
            "template": false,
            "timeouts": null,
            "tty": 2,
            "unique": false,
            "unprivileged": true,
            "unused": [],
            "vmid": 201
          },
          "sensitive_attributes": [
            [
              {
                "type": "get_attr",
                "value": "password"
              }
            ],
            [
              {
                "type": "get_attr",
                "value": "ssh_public_keys"
              }
            ]
          ],
          "identity_schema_version": 0,
          "private": "eyJlMmJmYjczMC1lY2FhLTExZTYtOGY4OC0zNDM2M2JjN2M0YzAiOnsiY3JlYXRlIjoxMjAwMDAwMDAwMDAwLCJkZWZhdWx0IjoxMjAwMDAwMDAwMDAwLCJkZWxldGUiOjEyMDAwMDAwMDAwMDAsInJlYWQiOjEyMDAwMDAwMDAwMDAsInVwZGF0ZSI6MTIwMDAwMDAwMDAwMH19"
        },
        {
          "index_key": "traefik",
          "schema_version": 0,
          "attributes": {
            "arch": "amd64",
            "bwlimit": 0,
            "clone": null,
            "clone_storage": null,
            "cmode": "tty",
            "console": true,
            "cores": 1,
            "cpulimit": 0,
            "cpuunits": 1024,
            "current_node": "pve",
            "description": "",
            "features": [
              {
                "fuse": false,
                "keyctl": false,
                "mknod": false,
                "mount": "",
                "nesting": true
              }
            ],
            "force": false,
            "full": null,
            "hagroup": "",
            "hastate": "",
            "hookscript": "",
            "hostname": "traefik",
            "id": "pve/lxc/200",
            "ignore_unpack_errors": false,
            "lock": "",
            "memory": 512,
            "mountpoint": [],
            "nameserver": "1.1.1.1",
            "network": [
              {
                "bridge": "vmbr0",
                "firewall": false,
                "gw": "192.168.1.254",
                "gw6": "",
                "hwaddr": "BC:24:11:7C:9F:0B",
                "id": 0,
                "ip": "192.168.1.30/24",
                "ip6": "auto",
                "mtu": 0,
                "name": "eth0",
                "rate": 0,
                "tag": 0,
                "trunks": "",
                "type": "veth"
              }
            ],
            "onboot": false,
            "ostemplate": "local:vztmpl/debian-13-standard_13.1-2_amd64.tar.zst",
            "ostype": "debian",
            "password": "clement2509",
            "pool": null,
            "protection": false,
            "restore": false,
            "rootfs": [
              {
                "acl": false,
                "quota": false,
                "replicate": false,
                "ro": false,
                "shared": false,
                "size": "8G",
                "storage": "local-lvm",
                "volume": "local-lvm:vm-200-disk-0"
              }
            ],
            "searchdomain": "local",
            "ssh_public_keys": "ssh-ed25519 AAAAC3NzaC1lZDI1NTE5AAAAIHVuzIemO1+KCAmzkHZU5PyK2LwNCvLLTOyU+S8Vu7Kt clem@arch-workstation",
            "start": true,
            "startup": "",
            "swap": 1024,
            "tags": "traefik",
            "target_node": "pve",
            "template": false,
            "timeouts": null,
            "tty": 2,
            "unique": false,
            "unprivileged": true,
            "unused": [],
            "vmid": 200
          },
          "sensitive_attributes": [
            [
              {
                "type": "get_attr",
                "value": "password"
              }
            ],
            [
              {
                "type": "get_attr",
                "value": "ssh_public_keys"
              }
            ]
          ],
          "identity_schema_version": 0,
          "private": "eyJlMmJmYjczMC1lY2FhLTExZTYtOGY4OC0zNDM2M2JjN2M0YzAiOnsiY3JlYXRlIjoxMjAwMDAwMDAwMDAwLCJkZWZhdWx0IjoxMjAwMDAwMDAwMDAwLCJkZWxldGUiOjEyMDAwMDAwMDAwMDAsInJlYWQiOjEyMDAwMDAwMDAwMDAsInVwZGF0ZSI6MTIwMDAwMDAwMDAwMH19"
        }
      ]
    }
  ],
  "check_results": null
}
